
Microsoft Visual Studio Solution File, Format Version 12.00
# Visual Studio 2012
Project("{FAE04EC0-301F-11D3-BF4B-00C04F79EFBC}") = "EmployeeWcf", "EmployeeWcf\EmployeeWcf.csproj", "{0E10010E-F436-476F-9A36-B8FBBE8CFB91}"
EndProject
Project("{FAE04EC0-301F-11D3-BF4B-00C04F79EFBC}") = "EmployeeConsumer", "EmployeeConsumer\EmployeeConsumer.csproj", "{93839A2B-75EC-4B4C-851F-A420C6362E02}"
	ProjectSection(ProjectDependencies) = postProject
		{0E10010E-F436-476F-9A36-B8FBBE8CFB91} = {0E10010E-F436-476F-9A36-B8FBBE8CFB91}
	EndProjectSection
EndProject
Project("{FAE04EC0-301F-11D3-BF4B-00C04F79EFBC}") = "EmployeeWcfTest", "EmployeeWcfTest\EmployeeWcfTest.csproj", "{0C86E648-6A6D-4C82-BFF3-147863C080C1}"
	ProjectSection(ProjectDependencies) = postProject
		{0E10010E-F436-476F-9A36-B8FBBE8CFB91} = {0E10010E-F436-476F-9A36-B8FBBE8CFB91}
	EndProjectSection
EndProject
Project("{FAE04EC0-301F-11D3-BF4B-00C04F79EFBC}") = "EmployeeServiceValidator", "Validator\EmployeeServiceValidator.csproj", "{812F129A-FCCF-4B4D-B2C7-60FC1DD574A7}"
EndProject
Global
	GlobalSection(SolutionConfigurationPlatforms) = preSolution
		Debug|Any CPU = Debug|Any CPU
		Release|Any CPU = Release|Any CPU
	EndGlobalSection
	GlobalSection(ProjectConfigurationPlatforms) = postSolution
		{0E10010E-F436-476F-9A36-B8FBBE8CFB91}.Debug|Any CPU.ActiveCfg = Debug|Any CPU
		{0E10010E-F436-476F-9A36-B8FBBE8CFB91}.Debug|Any CPU.Build.0 = Debug|Any CPU
		{0E10010E-F436-476F-9A36-B8FBBE8CFB91}.Release|Any CPU.ActiveCfg = Release|Any CPU
		{0E10010E-F436-476F-9A36-B8FBBE8CFB91}.Release|Any CPU.Build.0 = Release|Any CPU
		{93839A2B-75EC-4B4C-851F-A420C6362E02}.Debug|Any CPU.ActiveCfg = Debug|Any CPU
		{93839A2B-75EC-4B4C-851F-A420C6362E02}.Debug|Any CPU.Build.0 = Debug|Any CPU
		{93839A2B-75EC-4B4C-851F-A420C6362E02}.Release|Any CPU.ActiveCfg = Release|Any CPU
		{93839A2B-75EC-4B4C-851F-A420C6362E02}.Release|Any CPU.Build.0 = Release|Any CPU
		{0C86E648-6A6D-4C82-BFF3-147863C080C1}.Debug|Any CPU.ActiveCfg = Debug|Any CPU
		{0C86E648-6A6D-4C82-BFF3-147863C080C1}.Debug|Any CPU.Build.0 = Debug|Any CPU
		{0C86E648-6A6D-4C82-BFF3-147863C080C1}.Release|Any CPU.ActiveCfg = Release|Any CPU
		{0C86E648-6A6D-4C82-BFF3-147863C080C1}.Release|Any CPU.Build.0 = Release|Any CPU
		{812F129A-FCCF-4B4D-B2C7-60FC1DD574A7}.Debug|Any CPU.ActiveCfg = Debug|Any CPU
		{812F129A-FCCF-4B4D-B2C7-60FC1DD574A7}.Debug|Any CPU.Build.0 = Debug|Any CPU
		{812F129A-FCCF-4B4D-B2C7-60FC1DD574A7}.Release|Any CPU.ActiveCfg = Release|Any CPU
		{812F129A-FCCF-4B4D-B2C7-60FC1DD574A7}.Release|Any CPU.Build.0 = Release|Any CPU
	EndGlobalSection
	GlobalSection(SolutionProperties) = preSolution
		HideSolutionNode = FALSE
	EndGlobalSection
EndGlobal
